
Microsoft Visual Studio Solution File, Format Version 12.00
# Visual Studio Version 17
VisualStudioVersion = 17.10.34928.147
MinimumVisualStudioVersion = 10.0.40219.1
Project("{2150E333-8FDC-42A3-9474-1A3956D46DE8}") = "Services", "Services", "{303CEA2A-D8E8-49F7-8256-1A3F5E7C1144}"
EndProject
Project("{2150E333-8FDC-42A3-9474-1A3956D46DE8}") = "Test", "Test", "{2EAB3C63-5B62-4100-A158-7D7B1088E59E}"
EndProject
Project("{9A19103F-16F7-4668-BE54-9A1E7A4F7556}") = "Test.API", "services\test\Test.API\Test.API.csproj", "{65007211-214B-4958-B001-D5B9208B0408}"
EndProject
Project("{2150E333-8FDC-42A3-9474-1A3956D46DE8}") = "Employees", "Employees", "{A1C98601-78DF-4795-BDAC-3EA517A707AC}"
EndProject
Project("{2150E333-8FDC-42A3-9474-1A3956D46DE8}") = "BuildingBlocks", "BuildingBlocks", "{AB27F6D0-29FC-496F-A478-32B27DA2C3E9}"
EndProject
Project("{9A19103F-16F7-4668-BE54-9A1E7A4F7556}") = "BuildingBlocks", "BuildingBlocks\BuildingBlocks\BuildingBlocks.csproj", "{D84FED5C-6F76-4CE9-8FF2-B6459276562E}"
EndProject
Project("{9A19103F-16F7-4668-BE54-9A1E7A4F7556}") = "Employees.API", "Services\Employee\Employee.API\Employees.API.csproj", "{B3799CCE-E568-45E4-A244-9E0907D03D72}"
EndProject
Project("{E53339B2-1760-4266-BCC7-CA923CBCF16C}") = "docker-compose", "docker-compose.dcproj", "{0EF55840-78A1-4EE7-A622-0851F7DC8004}"
EndProject
Project("{2150E333-8FDC-42A3-9474-1A3956D46DE8}") = "EmployeesSearch", "EmployeesSearch", "{4520A22B-AD5A-45E9-B0D9-5D508A2A7921}"
EndProject
Project("{FAE04EC0-301F-11D3-BF4B-00C04F79EFBC}") = "EmployeesSearch.API", "Services\EmployeesSearch\EmployeesSearch.API\EmployeesSearch.API.csproj", "{8E7BA473-33D0-443E-BBDB-AA78490009F9}"
EndProject
Global
	GlobalSection(SolutionConfigurationPlatforms) = preSolution
		Debug|Any CPU = Debug|Any CPU
		Release|Any CPU = Release|Any CPU
	EndGlobalSection
	GlobalSection(ProjectConfigurationPlatforms) = postSolution
		{65007211-214B-4958-B001-D5B9208B0408}.Debug|Any CPU.ActiveCfg = Debug|Any CPU
		{65007211-214B-4958-B001-D5B9208B0408}.Debug|Any CPU.Build.0 = Debug|Any CPU
		{65007211-214B-4958-B001-D5B9208B0408}.Release|Any CPU.ActiveCfg = Release|Any CPU
		{65007211-214B-4958-B001-D5B9208B0408}.Release|Any CPU.Build.0 = Release|Any CPU
		{D84FED5C-6F76-4CE9-8FF2-B6459276562E}.Debug|Any CPU.ActiveCfg = Debug|Any CPU
		{D84FED5C-6F76-4CE9-8FF2-B6459276562E}.Debug|Any CPU.Build.0 = Debug|Any CPU
		{D84FED5C-6F76-4CE9-8FF2-B6459276562E}.Release|Any CPU.ActiveCfg = Release|Any CPU
		{D84FED5C-6F76-4CE9-8FF2-B6459276562E}.Release|Any CPU.Build.0 = Release|Any CPU
		{B3799CCE-E568-45E4-A244-9E0907D03D72}.Debug|Any CPU.ActiveCfg = Debug|Any CPU
		{B3799CCE-E568-45E4-A244-9E0907D03D72}.Debug|Any CPU.Build.0 = Debug|Any CPU
		{B3799CCE-E568-45E4-A244-9E0907D03D72}.Release|Any CPU.ActiveCfg = Release|Any CPU
		{B3799CCE-E568-45E4-A244-9E0907D03D72}.Release|Any CPU.Build.0 = Release|Any CPU
		{0EF55840-78A1-4EE7-A622-0851F7DC8004}.Debug|Any CPU.ActiveCfg = Debug|Any CPU
		{0EF55840-78A1-4EE7-A622-0851F7DC8004}.Debug|Any CPU.Build.0 = Debug|Any CPU
		{0EF55840-78A1-4EE7-A622-0851F7DC8004}.Release|Any CPU.ActiveCfg = Release|Any CPU
		{0EF55840-78A1-4EE7-A622-0851F7DC8004}.Release|Any CPU.Build.0 = Release|Any CPU
		{8E7BA473-33D0-443E-BBDB-AA78490009F9}.Debug|Any CPU.ActiveCfg = Debug|Any CPU
		{8E7BA473-33D0-443E-BBDB-AA78490009F9}.Debug|Any CPU.Build.0 = Debug|Any CPU
		{8E7BA473-33D0-443E-BBDB-AA78490009F9}.Release|Any CPU.ActiveCfg = Release|Any CPU
		{8E7BA473-33D0-443E-BBDB-AA78490009F9}.Release|Any CPU.Build.0 = Release|Any CPU
	EndGlobalSection
	GlobalSection(SolutionProperties) = preSolution
		HideSolutionNode = FALSE
	EndGlobalSection
	GlobalSection(NestedProjects) = preSolution
		{2EAB3C63-5B62-4100-A158-7D7B1088E59E} = {303CEA2A-D8E8-49F7-8256-1A3F5E7C1144}
		{65007211-214B-4958-B001-D5B9208B0408} = {2EAB3C63-5B62-4100-A158-7D7B1088E59E}
		{A1C98601-78DF-4795-BDAC-3EA517A707AC} = {303CEA2A-D8E8-49F7-8256-1A3F5E7C1144}
		{D84FED5C-6F76-4CE9-8FF2-B6459276562E} = {AB27F6D0-29FC-496F-A478-32B27DA2C3E9}
		{B3799CCE-E568-45E4-A244-9E0907D03D72} = {A1C98601-78DF-4795-BDAC-3EA517A707AC}
		{4520A22B-AD5A-45E9-B0D9-5D508A2A7921} = {303CEA2A-D8E8-49F7-8256-1A3F5E7C1144}
		{8E7BA473-33D0-443E-BBDB-AA78490009F9} = {4520A22B-AD5A-45E9-B0D9-5D508A2A7921}
	EndGlobalSection
	GlobalSection(ExtensibilityGlobals) = postSolution
		SolutionGuid = {C48A8081-C8BC-4727-93D1-3179896F6142}
	EndGlobalSection
EndGlobal
